{
  "name": "Capstone-Fishcom",
  "lockfileVersion": 3,
  "requires": true,
  "packages": {
    "": {
      "dependencies": {
        "@glidejs/glide": "^3.6.2",
        "@types/glidejs__glide": "^3.6.5"
      }
    },
    "node_modules/@glidejs/glide": {
      "version": "3.6.2",
      "resolved": "https://registry.npmjs.org/@glidejs/glide/-/glide-3.6.2.tgz",
      "integrity": "sha512-oXw7In0IZV69PC0PChQakY+yh+UnqIb5+zfVuEIzub6Kkfl1foo7TAhr2PZXPzihOG9YS57t8wvdzBFEZ0aPVA=="
    },
    "node_modules/@types/glidejs__glide": {
      "version": "3.6.5",
      "resolved": "https://registry.npmjs.org/@types/glidejs__glide/-/glidejs__glide-3.6.5.tgz",
      "integrity": "sha512-OUjzveIu+tiK5VvyPh6jTBJ/vH6+vC+XWzC2KJzpgUW8uancMJBa7R+BlXuvtSPdLw/pQForVasy0fm1D7JWOQ=="
    }
  }
}
